# This file is autogenerated, do not edit; changes may be undone by the next 'dep ensure'.


[[projects]]
  name = "github.com/Landoop/schema-registry"
  packages = ["."]
  revision = "6240b64c5baac4be7f827b042afaa90e8fcfa439"
  version = "0.1.0"

[[projects]]
  branch = "master"
  name = "github.com/golang/snappy"
  packages = ["."]
  revision = "553a641470496b2327abcac10b36396bd98e45c9"

[[projects]]
  name = "gopkg.in/linkedin/goavro.v2"
  packages = ["."]
  revision = "fa8f6a30176ce945e115db0afad95ede93725eec"
  version = "v2.3.0"

[solve-meta]
  analyzer-name = "dep"
  analyzer-version = 1
  inputs-digest = "245c3eb7c2332746b2cf0286d8dfb3119f5183b23e1dd4578b5663f26b1a2391"
  solver-name = "gps-cdcl"
  solver-version = 1
